Microsoft Visual Studio Solution File, Format Version 12.00
# Visual Studio Version 17
VisualStudioVersion = 17.5.2.0
MinimumVisualStudioVersion = 10.0.40219.1
Project("{FAE04EC0-301F-11D3-BF4B-00C04F79EFBC}") = "McClone", "McClone\McClone.csproj", "{19C8F9DA-3331-FC0E-DABB-4A9B4F58F5C3}"
EndProject
Global
	GlobalSection(SolutionConfigurationPlatforms) = preSolution
		Debug|Any CPU = Debug|Any CPU
		Release|Any CPU = Release|Any CPU
	EndGlobalSection
	GlobalSection(ProjectConfigurationPlatforms) = postSolution
		{19C8F9DA-3331-FC0E-DABB-4A9B4F58F5C3}.Debug|Any CPU.ActiveCfg = Debug|Any CPU
		{19C8F9DA-3331-FC0E-DABB-4A9B4F58F5C3}.Debug|Any CPU.Build.0 = Debug|Any CPU
		{19C8F9DA-3331-FC0E-DABB-4A9B4F58F5C3}.Release|Any CPU.ActiveCfg = Release|Any CPU
		{19C8F9DA-3331-FC0E-DABB-4A9B4F58F5C3}.Release|Any CPU.Build.0 = Release|Any CPU
	EndGlobalSection
	GlobalSection(SolutionProperties) = preSolution
		HideSolutionNode = FALSE
	EndGlobalSection
	GlobalSection(ExtensibilityGlobals) = postSolution
		SolutionGuid = {7C4364B6-1031-4430-B394-81B99E1E0EB2}
	EndGlobalSection
EndGlobal
